{
  "name": "wallet-attached-storage-server-monorepo",
  "version": "0.0.0",
  "lockfileVersion": 3,
  "requires": true,
  "packages": {
    "": {
      "name": "wallet-attached-storage-server-monorepo",
      "version": "0.0.0",
      "license": "UNLICENSED",
      "workspaces": [
        "nodejs",
        "server",
        "examples/hono-node-server"
      ]
    },
    "examples/hono-node-server": {
      "name": "wallet-attached-storage-server-example-hono-node-server",
      "version": "0.0.0",
      "license": "UNLICENSED",
      "dependencies": {
        "@hono/node-server": "^1.14.1",
        "wallet-attached-storage-server": "*"
      },
      "engines": {
        "node": ">=23.6.0"
      }
    },
    "node_modules/@hono/node-server": {
      "version": "1.14.1",
      "resolved": "https://registry.npmjs.org/@hono/node-server/-/node-server-1.14.1.tgz",
      "integrity": "sha512-vmbuM+HPinjWzPe7FFPWMMQMsbKE9gDPhaH0FFdqbGpkT5lp++tcWDTxwBl5EgS5y6JVgIaCdjeHRfQ4XRBRjQ==",
      "license": "MIT",
      "engines": {
        "node": ">=18.14.1"
      },
      "peerDependencies": {
        "hono": "^4"
      }
    },
    "node_modules/hono": {
      "version": "4.7.9",
      "resolved": "https://registry.npmjs.org/hono/-/hono-4.7.9.tgz",
      "integrity": "sha512-/EsCoR5h7N4yu01TDu9GMCCJa6ZLk5ZJIWFFGNawAXmd1Tp53+Wir4xm0D2X19bbykWUlzQG0+BvPAji6p9E8Q==",
      "license": "MIT",
      "engines": {
        "node": ">=16.9.0"
      }
    },
    "node_modules/wallet-attached-storage-server": {
      "resolved": "server",
      "link": true
    },
    "node_modules/wallet-attached-storage-server-example-hono-node-server": {
      "resolved": "examples/hono-node-server",
      "link": true
    },
    "node_modules/wallet-attached-storage-server-nodejs": {
      "resolved": "nodejs",
      "link": true
    },
    "nodejs": {
      "name": "wallet-attached-storage-server-nodejs",
      "version": "0.0.0",
      "license": "UNLICENSED",
      "dependencies": {
        "@hono/node-server": "^1.14.1"
      },
      "engines": {
        "node": ">=23.6.0"
      }
    },
    "server": {
      "name": "wallet-attached-storage-server",
      "version": "0.0.0",
      "license": "UNLICENSED",
      "dependencies": {
        "hono": "^4.7.9"
      }
    }
  }
}
