{
  "name": "wallet-attached-storage-database",
  "version": "0.0.0",
  "lockfileVersion": 3,
  "requires": true,
  "packages": {
    "": {
      "name": "wallet-attached-storage-database",
      "version": "0.0.0",
      "license": "UNLICENSED",
      "dependencies": {
        "kysely": "^0.28.2"
      }
    },
    "node_modules/kysely": {
      "version": "0.28.2",
      "resolved": "https://registry.npmjs.org/kysely/-/kysely-0.28.2.tgz",
      "integrity": "sha512-4YAVLoF0Sf0UTqlhgQMFU9iQECdah7n+13ANkiuVfRvlK+uI0Etbgd7bVP36dKlG+NXWbhGua8vnGt+sdhvT7A==",
      "license": "MIT",
      "engines": {
        "node": ">=18.0.0"
      }
    }
  }
}
